
Microsoft Visual Studio Solution File, Format Version 12.00
# Visual Studio Version 17
VisualStudioVersion = 17.8.34004.107
MinimumVisualStudioVersion = 10.0.40219.1
Project("{9A19103F-16F7-4668-BE54-9A1E7A4F7556}") = "CheckPrice", "CheckPrice.csproj", "{63D5EF79-6523-45AA-8F2F-1418D1DCF828}"
EndProject
Global
	GlobalSection(SolutionConfigurationPlatforms) = preSolution
		Debug|Any CPU = Debug|Any CPU
		Release|Any CPU = Release|Any CPU
	EndGlobalSection
	GlobalSection(ProjectConfigurationPlatforms) = postSolution
		{63D5EF79-6523-45AA-8F2F-1418D1DCF828}.Debug|Any CPU.ActiveCfg = Debug|Any CPU
		{63D5EF79-6523-45AA-8F2F-1418D1DCF828}.Debug|Any CPU.Build.0 = Debug|Any CPU
		{63D5EF79-6523-45AA-8F2F-1418D1DCF828}.Release|Any CPU.ActiveCfg = Release|Any CPU
		{63D5EF79-6523-45AA-8F2F-1418D1DCF828}.Release|Any CPU.Build.0 = Release|Any CPU
	EndGlobalSection
	GlobalSection(SolutionProperties) = preSolution
		HideSolutionNode = FALSE
	EndGlobalSection
	GlobalSection(ExtensibilityGlobals) = postSolution
		SolutionGuid = {A6207834-B146-4705-AB5A-3FAA06D898B6}
	EndGlobalSection
EndGlobal
